
Microsoft Visual Studio Solution File, Format Version 12.00
# Visual Studio Version 17
VisualStudioVersion = 17.4.33122.133
MinimumVisualStudioVersion = 10.0.40219.1
Project("{FAE04EC0-301F-11D3-BF4B-00C04F79EFBC}") = "Deliverable3", "Deliverable3\Deliverable3.csproj", "{74B20D01-A8AF-4C4D-AE06-B93ED65E7C29}"
EndProject
Global
	GlobalSection(SolutionConfigurationPlatforms) = preSolution
		Debug|Any CPU = Debug|Any CPU
		Release|Any CPU = Release|Any CPU
	EndGlobalSection
	GlobalSection(ProjectConfigurationPlatforms) = postSolution
		{74B20D01-A8AF-4C4D-AE06-B93ED65E7C29}.Debug|Any CPU.ActiveCfg = Debug|Any CPU
		{74B20D01-A8AF-4C4D-AE06-B93ED65E7C29}.Debug|Any CPU.Build.0 = Debug|Any CPU
		{74B20D01-A8AF-4C4D-AE06-B93ED65E7C29}.Release|Any CPU.ActiveCfg = Release|Any CPU
		{74B20D01-A8AF-4C4D-AE06-B93ED65E7C29}.Release|Any CPU.Build.0 = Release|Any CPU
	EndGlobalSection
	GlobalSection(SolutionProperties) = preSolution
		HideSolutionNode = FALSE
	EndGlobalSection
	GlobalSection(ExtensibilityGlobals) = postSolution
		SolutionGuid = {46E25521-ECFF-4DD8-89A8-A5E27024A12C}
	EndGlobalSection
EndGlobal
